{
	"name": "test-no-test",
	"lockfileVersion": 3,
	"requires": true,
	"packages": {
		"": {
			"dependencies": {
				"@allindevelopers/prettier-config": "^1.0.0",
				"prettier": "^3.1.1"
			}
		},
		"node_modules/@allindevelopers/prettier-config": {
			"version": "1.0.0",
			"resolved": "https://registry.npmjs.org/@allindevelopers/prettier-config/-/prettier-config-1.0.0.tgz",
			"integrity": "sha512-trOMua7nSMnZJF2VHXvV/IW9SkzaT0ssZJybLDziKY0z4vnbde7xmyC2fCbo3xSEJbTLw0NNKjbCa+HKMBZ/sA=="
		},
		"node_modules/prettier": {
			"version": "3.1.1",
			"resolved": "https://registry.npmjs.org/prettier/-/prettier-3.1.1.tgz",
			"integrity": "sha512-22UbSzg8luF4UuZtzgiUOfcGM8s4tjBv6dJRT7j275NXsy2jb4aJa4NNveul5x4eqlF1wuhuR2RElK71RvmVaw==",
			"bin": {
				"prettier": "bin/prettier.cjs"
			},
			"engines": {
				"node": ">=14"
			},
			"funding": {
				"url": "https://github.com/prettier/prettier?sponsor=1"
			}
		}
	}
}
